
Microsoft Visual Studio Solution File, Format Version 12.00
Project("{FAE04EC0-301F-11D3-BF4B-00C04F79EFBC}") = "Task_2", "Task_2\Task_2.csproj", "{EFD30E06-7793-4D40-92C0-43D9596A7D77}"
EndProject
Project("{FAE04EC0-301F-11D3-BF4B-00C04F79EFBC}") = "Task_3", "Task_3\Task_3.csproj", "{0968504F-8023-4A5B-94C1-B11AA2EDF274}"
EndProject
Project("{FAE04EC0-301F-11D3-BF4B-00C04F79EFBC}") = "Task_1", "Task_1\Task_1.csproj", "{90551C6C-A653-4252-8164-2E6432AF7C00}"
EndProject
Project("{FAE04EC0-301F-11D3-BF4B-00C04F79EFBC}") = "Task_8", "Task_8\Task_8.csproj", "{B2B6171F-AA35-4BB2-853D-FCF4956197BC}"
EndProject
Project("{FAE04EC0-301F-11D3-BF4B-00C04F79EFBC}") = "Rife.Keyboard", "Chones.Keyboard\Rife.Keyboard.csproj", "{EFC4CF3A-A974-4E68-B8A3-2B3CD2A42484}"
EndProject
Project("{FAE04EC0-301F-11D3-BF4B-00C04F79EFBC}") = "ScreenKeyBoard", "ScreenKeyBoard\ScreenKeyBoard.csproj", "{9A19CB74-C0FE-42A2-8036-C3AB5012644A}"
EndProject
Project("{FAE04EC0-301F-11D3-BF4B-00C04F79EFBC}") = "SardorVersion", "SardorVersion\SardorVersion.csproj", "{6954E640-562D-438A-B13C-1F62C250A826}"
EndProject
Global
	GlobalSection(SolutionConfigurationPlatforms) = preSolution
		Debug|Any CPU = Debug|Any CPU
		Release|Any CPU = Release|Any CPU
	EndGlobalSection
	GlobalSection(ProjectConfigurationPlatforms) = postSolution
		{EFD30E06-7793-4D40-92C0-43D9596A7D77}.Debug|Any CPU.ActiveCfg = Debug|Any CPU
		{EFD30E06-7793-4D40-92C0-43D9596A7D77}.Debug|Any CPU.Build.0 = Debug|Any CPU
		{EFD30E06-7793-4D40-92C0-43D9596A7D77}.Release|Any CPU.ActiveCfg = Release|Any CPU
		{EFD30E06-7793-4D40-92C0-43D9596A7D77}.Release|Any CPU.Build.0 = Release|Any CPU
		{0968504F-8023-4A5B-94C1-B11AA2EDF274}.Debug|Any CPU.ActiveCfg = Debug|Any CPU
		{0968504F-8023-4A5B-94C1-B11AA2EDF274}.Debug|Any CPU.Build.0 = Debug|Any CPU
		{0968504F-8023-4A5B-94C1-B11AA2EDF274}.Release|Any CPU.ActiveCfg = Release|Any CPU
		{0968504F-8023-4A5B-94C1-B11AA2EDF274}.Release|Any CPU.Build.0 = Release|Any CPU
		{90551C6C-A653-4252-8164-2E6432AF7C00}.Debug|Any CPU.ActiveCfg = Debug|Any CPU
		{90551C6C-A653-4252-8164-2E6432AF7C00}.Debug|Any CPU.Build.0 = Debug|Any CPU
		{90551C6C-A653-4252-8164-2E6432AF7C00}.Release|Any CPU.ActiveCfg = Release|Any CPU
		{90551C6C-A653-4252-8164-2E6432AF7C00}.Release|Any CPU.Build.0 = Release|Any CPU
		{B2B6171F-AA35-4BB2-853D-FCF4956197BC}.Debug|Any CPU.ActiveCfg = Debug|Any CPU
		{B2B6171F-AA35-4BB2-853D-FCF4956197BC}.Debug|Any CPU.Build.0 = Debug|Any CPU
		{B2B6171F-AA35-4BB2-853D-FCF4956197BC}.Release|Any CPU.ActiveCfg = Release|Any CPU
		{B2B6171F-AA35-4BB2-853D-FCF4956197BC}.Release|Any CPU.Build.0 = Release|Any CPU
		{EFC4CF3A-A974-4E68-B8A3-2B3CD2A42484}.Debug|Any CPU.ActiveCfg = Debug|Any CPU
		{EFC4CF3A-A974-4E68-B8A3-2B3CD2A42484}.Debug|Any CPU.Build.0 = Debug|Any CPU
		{EFC4CF3A-A974-4E68-B8A3-2B3CD2A42484}.Release|Any CPU.ActiveCfg = Release|Any CPU
		{EFC4CF3A-A974-4E68-B8A3-2B3CD2A42484}.Release|Any CPU.Build.0 = Release|Any CPU
		{9A19CB74-C0FE-42A2-8036-C3AB5012644A}.Debug|Any CPU.ActiveCfg = Debug|Any CPU
		{9A19CB74-C0FE-42A2-8036-C3AB5012644A}.Debug|Any CPU.Build.0 = Debug|Any CPU
		{9A19CB74-C0FE-42A2-8036-C3AB5012644A}.Release|Any CPU.ActiveCfg = Release|Any CPU
		{9A19CB74-C0FE-42A2-8036-C3AB5012644A}.Release|Any CPU.Build.0 = Release|Any CPU
		{6954E640-562D-438A-B13C-1F62C250A826}.Debug|Any CPU.ActiveCfg = Debug|Any CPU
		{6954E640-562D-438A-B13C-1F62C250A826}.Debug|Any CPU.Build.0 = Debug|Any CPU
		{6954E640-562D-438A-B13C-1F62C250A826}.Release|Any CPU.ActiveCfg = Release|Any CPU
		{6954E640-562D-438A-B13C-1F62C250A826}.Release|Any CPU.Build.0 = Release|Any CPU
	EndGlobalSection
EndGlobal
